
Microsoft Visual Studio Solution File, Format Version 12.00
# Visual Studio Version 17
VisualStudioVersion = 17.9.34728.123
MinimumVisualStudioVersion = 10.0.40219.1
Project("{FAE04EC0-301F-11D3-BF4B-00C04F79EFBC}") = "FISH", "FISH.csproj", "{15C8A071-BB9A-4928-AA61-A4BF2B88652B}"
EndProject
Global
	GlobalSection(SolutionConfigurationPlatforms) = preSolution
		Debug|Any CPU = Debug|Any CPU
		Release|Any CPU = Release|Any CPU
	EndGlobalSection
	GlobalSection(ProjectConfigurationPlatforms) = postSolution
		{15C8A071-BB9A-4928-AA61-A4BF2B88652B}.Debug|Any CPU.ActiveCfg = Debug|Any CPU
		{15C8A071-BB9A-4928-AA61-A4BF2B88652B}.Debug|Any CPU.Build.0 = Debug|Any CPU
		{15C8A071-BB9A-4928-AA61-A4BF2B88652B}.Release|Any CPU.ActiveCfg = Release|Any CPU
		{15C8A071-BB9A-4928-AA61-A4BF2B88652B}.Release|Any CPU.Build.0 = Release|Any CPU
	EndGlobalSection
	GlobalSection(SolutionProperties) = preSolution
		HideSolutionNode = FALSE
	EndGlobalSection
	GlobalSection(ExtensibilityGlobals) = postSolution
		SolutionGuid = {262659E8-7EFC-485D-96A6-399F36BB84A4}
	EndGlobalSection
EndGlobal
